<?xml version="1.0" encoding="utf-8"?>
<Project ToolsVersion="16.0" xmlns="http://schemas.microsoft.com/developer/msbuild/2003">
  <ItemGroup>
    <ClCompile Include="..\..\blosc\blosc.c">
      <Filter>Source Files</Filter>
    </ClCompile>
    <ClCompile Include="..\..\blosc\blosclz.c">
      <Filter>Source Files</Filter>
    </ClCompile>
    <ClCompile Include="..\..\blosc\fastcopy.c">
      <Filter>Source Files</Filter>
    </ClCompile>
    <ClCompile Include="..\..\blosc\shuffle-generic.c">
      <Filter>Source Files</Filter>
    </ClCompile>
    <ClCompile Include="..\..\blosc\bitshuffle-generic.c">
      <Filter>Source Files</Filter>
    </ClCompile>
    <ClCompile Include="..\..\blosc\shuffle-sse2.c">
      <Filter>Source Files</Filter>
    </ClCompile>
    <ClCompile Include="..\..\blosc\bitshuffle-sse2.c">
      <Filter>Source Files</Filter>
    </ClCompile>
    <ClCompile Include="..\..\blosc\shuffle.c">
      <Filter>Source Files</Filter>
    </ClCompile>
  </ItemGroup>
  <ItemGroup>
    <ClInclude Include="..\..\blosc\blosc-common.h">
      <Filter>Header Files</Filter>
    </ClInclude>
    <ClInclude Include="..\..\blosc\blosc-export.h">
      <Filter>Header Files</Filter>
    </ClInclude>
  </ItemGroup>
  <ItemGroup>
    <Filter Include="Header Files">
      <UniqueIdentifier>{2D0C74BE-93E2-3FB4-8460-9617658A2CF0}</UniqueIdentifier>
    </Filter>
    <Filter Include="Source Files">
      <UniqueIdentifier>{0E536AC4-DC08-39F2-91F2-D0224E2DB0A2}</UniqueIdentifier>
    </Filter>
  </ItemGroup>
</Project>